
Microsoft Visual Studio Solution File, Format Version 12.00
# Visual Studio Version 16
VisualStudioVersion = 16.0.31129.286
MinimumVisualStudioVersion = 10.0.40219.1
Project("{FAE04EC0-301F-11D3-BF4B-00C04F79EFBC}") = "DesignPro", "DesignPro\DesignPro.csproj", "{B87A9C55-20AA-40C5-A389-E7C839314F12}"
EndProject
Project("{2150E333-8FDC-42A3-9474-1A3956D46DE8}") = "BackEnd", "BackEnd", "{E8304315-B41E-4DDD-8996-65A01E57C0EF}"
EndProject
Project("{2150E333-8FDC-42A3-9474-1A3956D46DE8}") = "FrontEnd", "FrontEnd", "{17CBEC5E-D40C-415C-ADED-DEDB18C026D3}"
EndProject
Project("{2150E333-8FDC-42A3-9474-1A3956D46DE8}") = "DataAccess", "DataAccess", "{1EF01281-6B2F-4960-B5F6-B508D34C7CE3}"
EndProject
Project("{2150E333-8FDC-42A3-9474-1A3956D46DE8}") = "Cross-Cutting", "Cross-Cutting", "{2128B668-EF66-414C-9C24-8F6A8C98415D}"
EndProject
Project("{2150E333-8FDC-42A3-9474-1A3956D46DE8}") = "Bussines", "Bussines", "{9277F677-3163-4781-BDB1-F9F70F16661E}"
EndProject
Project("{FAE04EC0-301F-11D3-BF4B-00C04F79EFBC}") = "BusinessLogic", "BusinessLogic\BusinessLogic.csproj", "{D6A65138-B282-4C6E-8D08-E84F485FACF2}"
EndProject
Project("{FAE04EC0-301F-11D3-BF4B-00C04F79EFBC}") = "Common", "Common\Common.csproj", "{7D48926C-F1E0-46EA-ADE2-C2A7044336B8}"
EndProject
Project("{2150E333-8FDC-42A3-9474-1A3956D46DE8}") = "Services", "Services", "{F80B8A18-D493-4E75-97DB-01A1EEC4CDC7}"
EndProject
Project("{FAE04EC0-301F-11D3-BF4B-00C04F79EFBC}") = "InternalServices", "InternalServices\InternalServices.csproj", "{222464DD-B041-476D-9EEA-FC6D9B3EAB22}"
EndProject
Project("{FAE04EC0-301F-11D3-BF4B-00C04F79EFBC}") = "Resistencia", "Resistencia\Resistencia.csproj", "{C2EA9F29-8AB5-445C-8357-1010326EE9ED}"
EndProject
Global
	GlobalSection(SolutionConfigurationPlatforms) = preSolution
		Debug|Any CPU = Debug|Any CPU
		Release|Any CPU = Release|Any CPU
	EndGlobalSection
	GlobalSection(ProjectConfigurationPlatforms) = postSolution
		{B87A9C55-20AA-40C5-A389-E7C839314F12}.Debug|Any CPU.ActiveCfg = Debug|Any CPU
		{B87A9C55-20AA-40C5-A389-E7C839314F12}.Debug|Any CPU.Build.0 = Debug|Any CPU
		{B87A9C55-20AA-40C5-A389-E7C839314F12}.Release|Any CPU.ActiveCfg = Release|Any CPU
		{B87A9C55-20AA-40C5-A389-E7C839314F12}.Release|Any CPU.Build.0 = Release|Any CPU
		{D6A65138-B282-4C6E-8D08-E84F485FACF2}.Debug|Any CPU.ActiveCfg = Debug|Any CPU
		{D6A65138-B282-4C6E-8D08-E84F485FACF2}.Debug|Any CPU.Build.0 = Debug|Any CPU
		{D6A65138-B282-4C6E-8D08-E84F485FACF2}.Release|Any CPU.ActiveCfg = Release|Any CPU
		{D6A65138-B282-4C6E-8D08-E84F485FACF2}.Release|Any CPU.Build.0 = Release|Any CPU
		{7D48926C-F1E0-46EA-ADE2-C2A7044336B8}.Debug|Any CPU.ActiveCfg = Debug|Any CPU
		{7D48926C-F1E0-46EA-ADE2-C2A7044336B8}.Debug|Any CPU.Build.0 = Debug|Any CPU
		{7D48926C-F1E0-46EA-ADE2-C2A7044336B8}.Release|Any CPU.ActiveCfg = Release|Any CPU
		{7D48926C-F1E0-46EA-ADE2-C2A7044336B8}.Release|Any CPU.Build.0 = Release|Any CPU
		{222464DD-B041-476D-9EEA-FC6D9B3EAB22}.Debug|Any CPU.ActiveCfg = Debug|Any CPU
		{222464DD-B041-476D-9EEA-FC6D9B3EAB22}.Debug|Any CPU.Build.0 = Debug|Any CPU
		{222464DD-B041-476D-9EEA-FC6D9B3EAB22}.Release|Any CPU.ActiveCfg = Release|Any CPU
		{222464DD-B041-476D-9EEA-FC6D9B3EAB22}.Release|Any CPU.Build.0 = Release|Any CPU
		{C2EA9F29-8AB5-445C-8357-1010326EE9ED}.Debug|Any CPU.ActiveCfg = Debug|Any CPU
		{C2EA9F29-8AB5-445C-8357-1010326EE9ED}.Debug|Any CPU.Build.0 = Debug|Any CPU
		{C2EA9F29-8AB5-445C-8357-1010326EE9ED}.Release|Any CPU.ActiveCfg = Release|Any CPU
		{C2EA9F29-8AB5-445C-8357-1010326EE9ED}.Release|Any CPU.Build.0 = Release|Any CPU
	EndGlobalSection
	GlobalSection(SolutionProperties) = preSolution
		HideSolutionNode = FALSE
	EndGlobalSection
	GlobalSection(NestedProjects) = preSolution
		{B87A9C55-20AA-40C5-A389-E7C839314F12} = {17CBEC5E-D40C-415C-ADED-DEDB18C026D3}
		{1EF01281-6B2F-4960-B5F6-B508D34C7CE3} = {E8304315-B41E-4DDD-8996-65A01E57C0EF}
		{9277F677-3163-4781-BDB1-F9F70F16661E} = {E8304315-B41E-4DDD-8996-65A01E57C0EF}
		{D6A65138-B282-4C6E-8D08-E84F485FACF2} = {9277F677-3163-4781-BDB1-F9F70F16661E}
		{7D48926C-F1E0-46EA-ADE2-C2A7044336B8} = {2128B668-EF66-414C-9C24-8F6A8C98415D}
		{F80B8A18-D493-4E75-97DB-01A1EEC4CDC7} = {E8304315-B41E-4DDD-8996-65A01E57C0EF}
		{222464DD-B041-476D-9EEA-FC6D9B3EAB22} = {F80B8A18-D493-4E75-97DB-01A1EEC4CDC7}
		{C2EA9F29-8AB5-445C-8357-1010326EE9ED} = {1EF01281-6B2F-4960-B5F6-B508D34C7CE3}
	EndGlobalSection
	GlobalSection(ExtensibilityGlobals) = postSolution
		SolutionGuid = {58A61F11-8414-4AE3-A919-576D003B9ABF}
	EndGlobalSection
EndGlobal
